// !$*UTF8*$!
{
	archiveVersion = 1;
	classes = {
	};
	objectVersion = 70;
	objects = {

/* Begin PBXBuildFile section */
		4F0221DA2C59BE9E009EA375 /* MyMusic.swift in Sources */ = {isa = PBXBuildFile; fileRef = 4F0221D92C59BE9E009EA375 /* MyMusic.swift */; };
		4F0221DC2C59BF55009EA375 /* Song.swift in Sources */ = {isa = PBXBuildFile; fileRef = 4F0221DB2C59BF55009EA375 /* Song.swift */; };
		4F0221DE2C59C1A4009EA375 /* Playlist.swift in Sources */ = {isa = PBXBuildFile; fileRef = 4F0221DD2C59C1A4009EA375 /* Playlist.swift */; };
		4F0221E12C5A7A62009EA375 /* Login.swift in Sources */ = {isa = PBXBuildFile; fileRef = 4F0221E02C5A7A62009EA375 /* Login.swift */; };
		4F0221E42C5A7BE4009EA375 /* ChoseTheme.swift in Sources */ = {isa = PBXBuildFile; fileRef = 4F0221E32C5A7BE4009EA375 /* ChoseTheme.swift */; };
		4F0221E62C5A857C009EA375 /* SongListView.swift in Sources */ = {isa = PBXBuildFile; fileRef = 4F0221E52C5A857C009EA375 /* SongListView.swift */; };
		4F6B3F182C7B95A00027D8A2 /* UseCases.swift in Sources */ = {isa = PBXBuildFile; fileRef = 4F6B3F172C7B95A00027D8A2 /* UseCases.swift */; };
		4F6B3F1B2C7B96070027D8A2 /* PushOnAppear+Screens.swift in Sources */ = {isa = PBXBuildFile; fileRef = 4F6B3F1A2C7B96070027D8A2 /* PushOnAppear+Screens.swift */; };
		4F6B3F2E2C7BCF910027D8A2 /* TestScreen.swift in Sources */ = {isa = PBXBuildFile; fileRef = 4F6B3F2D2C7BCF910027D8A2 /* TestScreen.swift */; };
		4F6B3F372C7CD67F0027D8A2 /* InStack.swift in Sources */ = {isa = PBXBuildFile; fileRef = 4F6B3F362C7CD67F0027D8A2 /* InStack.swift */; };
		4F6B3F3B2C7CD6CD0027D8A2 /* PushOnAppear+Native.swift in Sources */ = {isa = PBXBuildFile; fileRef = 4F6B3F3A2C7CD6CD0027D8A2 /* PushOnAppear+Native.swift */; };
		4F6B3F3D2C7CE49B0027D8A2 /* PresentationDetents.swift in Sources */ = {isa = PBXBuildFile; fileRef = 4F6B3F3C2C7CE49B0027D8A2 /* PresentationDetents.swift */; };
		4F8C89842C3D814200036416 /* Settings.swift in Sources */ = {isa = PBXBuildFile; fileRef = 4F8C89832C3D814200036416 /* Settings.swift */; };
		4F94ED052C38765800CDE243 /* MusicApp.swift in Sources */ = {isa = PBXBuildFile; fileRef = 4F94ED042C38765800CDE243 /* MusicApp.swift */; };
		4F94ED072C38765800CDE243 /* Library.swift in Sources */ = {isa = PBXBuildFile; fileRef = 4F94ED062C38765800CDE243 /* Library.swift */; };
		4F94ED092C38765900CDE243 /* Assets.xcassets in Resources */ = {isa = PBXBuildFile; fileRef = 4F94ED082C38765900CDE243 /* Assets.xcassets */; };
		4F94ED0C2C38765900CDE243 /* Preview Assets.xcassets in Resources */ = {isa = PBXBuildFile; fileRef = 4F94ED0B2C38765900CDE243 /* Preview Assets.xcassets */; };
		4F94ED192C38997D00CDE243 /* Tab.swift in Sources */ = {isa = PBXBuildFile; fileRef = 4F94ED182C38997D00CDE243 /* Tab.swift */; };
		4F94ED1B2C389A2900CDE243 /* StarView.swift in Sources */ = {isa = PBXBuildFile; fileRef = 4F94ED1A2C389A2900CDE243 /* StarView.swift */; };
		4FAE3A3A2C752B2D002C9DEE /* ScreensBrowser in Frameworks */ = {isa = PBXBuildFile; productRef = 4FAE3A392C752B2D002C9DEE /* ScreensBrowser */; };
		4FAE3A3C2C752B2D002C9DEE /* ScreensUI in Frameworks */ = {isa = PBXBuildFile; productRef = 4FAE3A3B2C752B2D002C9DEE /* ScreensUI */; };
		4FFC71B22C5A952100586EF6 /* Info.swift in Sources */ = {isa = PBXBuildFile; fileRef = 4FFC71B12C5A952100586EF6 /* Info.swift */; };
		4FFC71B42C5AC45000586EF6 /* CloseButton.swift in Sources */ = {isa = PBXBuildFile; fileRef = 4FFC71B32C5AC45000586EF6 /* CloseButton.swift */; };
		4FFC71B62C5AC60800586EF6 /* Musicant.swift in Sources */ = {isa = PBXBuildFile; fileRef = 4FFC71B52C5AC60800586EF6 /* Musicant.swift */; };
		4FFC71B82C5AD0B700586EF6 /* Search.swift in Sources */ = {isa = PBXBuildFile; fileRef = 4FFC71B72C5AD0B700586EF6 /* Search.swift */; };
		4FFC71C42C5E837800586EF6 /* MusicApp+ScreensDelegate.swift in Sources */ = {isa = PBXBuildFile; fileRef = 4FFC71C32C5E837800586EF6 /* MusicApp+ScreensDelegate.swift */; };
/* End PBXBuildFile section */

/* Begin PBXContainerItemProxy section */
		4F6B3F262C7BA14B0027D8A2 /* PBXContainerItemProxy */ = {
			isa = PBXContainerItemProxy;
			containerPortal = 4F94ECF92C38765800CDE243 /* Project object */;
			proxyType = 1;
			remoteGlobalIDString = 4F94ED002C38765800CDE243;
			remoteInfo = DemoScreens;
		};
/* End PBXContainerItemProxy section */

/* Begin PBXFileReference section */
		4F0221D92C59BE9E009EA375 /* MyMusic.swift */ = {isa = PBXFileReference; lastKnownFileType = sourcecode.swift; path = MyMusic.swift; sourceTree = "<group>"; };
		4F0221DB2C59BF55009EA375 /* Song.swift */ = {isa = PBXFileReference; lastKnownFileType = sourcecode.swift; path = Song.swift; sourceTree = "<group>"; };
		4F0221DD2C59C1A4009EA375 /* Playlist.swift */ = {isa = PBXFileReference; lastKnownFileType = sourcecode.swift; path = Playlist.swift; sourceTree = "<group>"; };
		4F0221E02C5A7A62009EA375 /* Login.swift */ = {isa = PBXFileReference; lastKnownFileType = sourcecode.swift; path = Login.swift; sourceTree = "<group>"; };
		4F0221E32C5A7BE4009EA375 /* ChoseTheme.swift */ = {isa = PBXFileReference; lastKnownFileType = sourcecode.swift; path = ChoseTheme.swift; sourceTree = "<group>"; };
		4F0221E52C5A857C009EA375 /* SongListView.swift */ = {isa = PBXFileReference; lastKnownFileType = sourcecode.swift; path = SongListView.swift; sourceTree = "<group>"; };
		4F6B3F172C7B95A00027D8A2 /* UseCases.swift */ = {isa = PBXFileReference; lastKnownFileType = sourcecode.swift; path = UseCases.swift; sourceTree = "<group>"; };
		4F6B3F1A2C7B96070027D8A2 /* PushOnAppear+Screens.swift */ = {isa = PBXFileReference; lastKnownFileType = sourcecode.swift; path = "PushOnAppear+Screens.swift"; sourceTree = "<group>"; };
		4F6B3F202C7BA14B0027D8A2 /* DemoScreensUITests.xctest */ = {isa = PBXFileReference; explicitFileType = wrapper.cfbundle; includeInIndex = 0; path = DemoScreensUITests.xctest; sourceTree = BUILT_PRODUCTS_DIR; };
		4F6B3F2D2C7BCF910027D8A2 /* TestScreen.swift */ = {isa = PBXFileReference; lastKnownFileType = sourcecode.swift; path = TestScreen.swift; sourceTree = "<group>"; };
		4F6B3F362C7CD67F0027D8A2 /* InStack.swift */ = {isa = PBXFileReference; lastKnownFileType = sourcecode.swift; path = InStack.swift; sourceTree = "<group>"; };
		4F6B3F3A2C7CD6CD0027D8A2 /* PushOnAppear+Native.swift */ = {isa = PBXFileReference; lastKnownFileType = sourcecode.swift; path = "PushOnAppear+Native.swift"; sourceTree = "<group>"; };
		4F6B3F3C2C7CE49B0027D8A2 /* PresentationDetents.swift */ = {isa = PBXFileReference; lastKnownFileType = sourcecode.swift; path = PresentationDetents.swift; sourceTree = "<group>"; };
		4F8C89832C3D814200036416 /* Settings.swift */ = {isa = PBXFileReference; lastKnownFileType = sourcecode.swift; path = Settings.swift; sourceTree = "<group>"; };
		4F94ED012C38765800CDE243 /* DemoScreens.app */ = {isa = PBXFileReference; explicitFileType = wrapper.application; includeInIndex = 0; path = DemoScreens.app; sourceTree = BUILT_PRODUCTS_DIR; };
		4F94ED042C38765800CDE243 /* MusicApp.swift */ = {isa = PBXFileReference; lastKnownFileType = sourcecode.swift; path = MusicApp.swift; sourceTree = "<group>"; };
		4F94ED062C38765800CDE243 /* Library.swift */ = {isa = PBXFileReference; lastKnownFileType = sourcecode.swift; path = Library.swift; sourceTree = "<group>"; };
		4F94ED082C38765900CDE243 /* Assets.xcassets */ = {isa = PBXFileReference; lastKnownFileType = folder.assetcatalog; path = Assets.xcassets; sourceTree = "<group>"; };
		4F94ED0B2C38765900CDE243 /* Preview Assets.xcassets */ = {isa = PBXFileReference; lastKnownFileType = folder.assetcatalog; path = "Preview Assets.xcassets"; sourceTree = "<group>"; };
		4F94ED172C387F0600CDE243 /* Info.plist */ = {isa = PBXFileReference; lastKnownFileType = text.plist; path = Info.plist; sourceTree = "<group>"; };
		4F94ED182C38997D00CDE243 /* Tab.swift */ = {isa = PBXFileReference; lastKnownFileType = sourcecode.swift; path = Tab.swift; sourceTree = "<group>"; };
		4F94ED1A2C389A2900CDE243 /* StarView.swift */ = {isa = PBXFileReference; lastKnownFileType = sourcecode.swift; path = StarView.swift; sourceTree = "<group>"; };
		4FFC71B12C5A952100586EF6 /* Info.swift */ = {isa = PBXFileReference; lastKnownFileType = sourcecode.swift; path = Info.swift; sourceTree = "<group>"; };
		4FFC71B32C5AC45000586EF6 /* CloseButton.swift */ = {isa = PBXFileReference; lastKnownFileType = sourcecode.swift; path = CloseButton.swift; sourceTree = "<group>"; };
		4FFC71B52C5AC60800586EF6 /* Musicant.swift */ = {isa = PBXFileReference; lastKnownFileType = sourcecode.swift; path = Musicant.swift; sourceTree = "<group>"; };
		4FFC71B72C5AD0B700586EF6 /* Search.swift */ = {isa = PBXFileReference; lastKnownFileType = sourcecode.swift; path = Search.swift; sourceTree = "<group>"; };
		4FFC71C32C5E837800586EF6 /* MusicApp+ScreensDelegate.swift */ = {isa = PBXFileReference; lastKnownFileType = sourcecode.swift; path = "MusicApp+ScreensDelegate.swift"; sourceTree = "<group>"; };
/* End PBXFileReference section */

/* Begin PBXFileSystemSynchronizedRootGroup section */
		4F6B3F212C7BA14B0027D8A2 /* DemoScreensUITests */ = {isa = PBXFileSystemSynchronizedRootGroup; explicitFileTypes = {}; explicitFolders = (); path = DemoScreensUITests; sourceTree = "<group>"; };
/* End PBXFileSystemSynchronizedRootGroup section */

/* Begin PBXFrameworksBuildPhase section */
		4F6B3F1D2C7BA14B0027D8A2 /* Frameworks */ = {
			isa = PBXFrameworksBuildPhase;
			buildActionMask = 2147483647;
			files = (
			);
			runOnlyForDeploymentPostprocessing = 0;
		};
		4F94ECFE2C38765800CDE243 /* Frameworks */ = {
			isa = PBXFrameworksBuildPhase;
			buildActionMask = 2147483647;
			files = (
				4FAE3A3A2C752B2D002C9DEE /* ScreensBrowser in Frameworks */,
				4FAE3A3C2C752B2D002C9DEE /* ScreensUI in Frameworks */,
			);
			runOnlyForDeploymentPostprocessing = 0;
		};
/* End PBXFrameworksBuildPhase section */

/* Begin PBXGroup section */
		4F0221E22C5A7B66009EA375 /* Screens */ = {
			isa = PBXGroup;
			children = (
				4F94ED182C38997D00CDE243 /* Tab.swift */,
				4F0221DB2C59BF55009EA375 /* Song.swift */,
				4F0221E02C5A7A62009EA375 /* Login.swift */,
				4F0221DD2C59C1A4009EA375 /* Playlist.swift */,
				4F94ED062C38765800CDE243 /* Library.swift */,
				4F0221D92C59BE9E009EA375 /* MyMusic.swift */,
				4F8C89832C3D814200036416 /* Settings.swift */,
				4FFC71B72C5AD0B700586EF6 /* Search.swift */,
				4FFC71B52C5AC60800586EF6 /* Musicant.swift */,
				4F0221E32C5A7BE4009EA375 /* ChoseTheme.swift */,
				4FFC71B12C5A952100586EF6 /* Info.swift */,
				4F6B3F172C7B95A00027D8A2 /* UseCases.swift */,
			);
			path = Screens;
			sourceTree = "<group>";
		};
		4F6B3F192C7B95F70027D8A2 /* UseCases */ = {
			isa = PBXGroup;
			children = (
				4F6B3F1A2C7B96070027D8A2 /* PushOnAppear+Screens.swift */,
				4F6B3F3A2C7CD6CD0027D8A2 /* PushOnAppear+Native.swift */,
			);
			path = UseCases;
			sourceTree = "<group>";
		};
		4F6B3F352C7CD6740027D8A2 /* Modifiers */ = {
			isa = PBXGroup;
			children = (
				4FFC71B32C5AC45000586EF6 /* CloseButton.swift */,
				4F6B3F362C7CD67F0027D8A2 /* InStack.swift */,
				4F6B3F3C2C7CE49B0027D8A2 /* PresentationDetents.swift */,
			);
			path = Modifiers;
			sourceTree = "<group>";
		};
		4F94ECF82C38765800CDE243 = {
			isa = PBXGroup;
			children = (
				4F94ED032C38765800CDE243 /* Demo */,
				4F6B3F212C7BA14B0027D8A2 /* DemoScreensUITests */,
				4F94ED022C38765800CDE243 /* Products */,
				4F94ED122C3876A300CDE243 /* Frameworks */,
			);
			sourceTree = "<group>";
		};
		4F94ED022C38765800CDE243 /* Products */ = {
			isa = PBXGroup;
			children = (
				4F94ED012C38765800CDE243 /* DemoScreens.app */,
				4F6B3F202C7BA14B0027D8A2 /* DemoScreensUITests.xctest */,
			);
			name = Products;
			sourceTree = "<group>";
		};
		4F94ED032C38765800CDE243 /* Demo */ = {
			isa = PBXGroup;
			children = (
				4F6B3F352C7CD6740027D8A2 /* Modifiers */,
				4F6B3F192C7B95F70027D8A2 /* UseCases */,
				4F0221E22C5A7B66009EA375 /* Screens */,
				4F94ED172C387F0600CDE243 /* Info.plist */,
				4F94ED042C38765800CDE243 /* MusicApp.swift */,
				4FFC71C32C5E837800586EF6 /* MusicApp+ScreensDelegate.swift */,
				4F94ED082C38765900CDE243 /* Assets.xcassets */,
				4F94ED0A2C38765900CDE243 /* Preview Content */,
				4F0221E52C5A857C009EA375 /* SongListView.swift */,
				4F94ED1A2C389A2900CDE243 /* StarView.swift */,
				4F6B3F2D2C7BCF910027D8A2 /* TestScreen.swift */,
			);
			path = Demo;
			sourceTree = "<group>";
		};
		4F94ED0A2C38765900CDE243 /* Preview Content */ = {
			isa = PBXGroup;
			children = (
				4F94ED0B2C38765900CDE243 /* Preview Assets.xcassets */,
			);
			path = "Preview Content";
			sourceTree = "<group>";
		};
		4F94ED122C3876A300CDE243 /* Frameworks */ = {
			isa = PBXGroup;
			children = (
			);
			name = Frameworks;
			sourceTree = "<group>";
		};
/* End PBXGroup section */

/* Begin PBXNativeTarget section */
		4F6B3F1F2C7BA14B0027D8A2 /* DemoScreensUITests */ = {
			isa = PBXNativeTarget;
			buildConfigurationList = 4F6B3F282C7BA14B0027D8A2 /* Build configuration list for PBXNativeTarget "DemoScreensUITests" */;
			buildPhases = (
				4F6B3F1C2C7BA14B0027D8A2 /* Sources */,
				4F6B3F1D2C7BA14B0027D8A2 /* Frameworks */,
				4F6B3F1E2C7BA14B0027D8A2 /* Resources */,
			);
			buildRules = (
			);
			dependencies = (
				4F6B3F272C7BA14B0027D8A2 /* PBXTargetDependency */,
			);
			fileSystemSynchronizedGroups = (
				4F6B3F212C7BA14B0027D8A2 /* DemoScreensUITests */,
			);
			name = DemoScreensUITests;
			packageProductDependencies = (
			);
			productName = DemoScreensUITests;
			productReference = 4F6B3F202C7BA14B0027D8A2 /* DemoScreensUITests.xctest */;
			productType = "com.apple.product-type.bundle.ui-testing";
		};
		4F94ED002C38765800CDE243 /* DemoScreens */ = {
			isa = PBXNativeTarget;
			buildConfigurationList = 4F94ED0F2C38765900CDE243 /* Build configuration list for PBXNativeTarget "DemoScreens" */;
			buildPhases = (
				4F94ECFD2C38765800CDE243 /* Sources */,
				4F94ECFE2C38765800CDE243 /* Frameworks */,
				4F94ECFF2C38765800CDE243 /* Resources */,
			);
			buildRules = (
			);
			dependencies = (
			);
			name = DemoScreens;
			packageProductDependencies = (
				4FAE3A392C752B2D002C9DEE /* ScreensBrowser */,
				4FAE3A3B2C752B2D002C9DEE /* ScreensUI */,
			);
			productName = ViewURL;
			productReference = 4F94ED012C38765800CDE243 /* DemoScreens.app */;
			productType = "com.apple.product-type.application";
		};
/* End PBXNativeTarget section */

/* Begin PBXProject section */
		4F94ECF92C38765800CDE243 /* Project object */ = {
			isa = PBXProject;
			attributes = {
				BuildIndependentTargetsInParallel = 1;
				LastSwiftUpdateCheck = 1610;
				LastUpgradeCheck = 1600;
				TargetAttributes = {
					4F6B3F1F2C7BA14B0027D8A2 = {
						CreatedOnToolsVersion = 16.1;
						TestTargetID = 4F94ED002C38765800CDE243;
					};
					4F94ED002C38765800CDE243 = {
						CreatedOnToolsVersion = 16.0;
					};
				};
			};
			buildConfigurationList = 4F94ECFC2C38765800CDE243 /* Build configuration list for PBXProject "DemoScreens" */;
			compatibilityVersion = "Xcode 15.0";
			developmentRegion = en;
			hasScannedForEncodings = 0;
			knownRegions = (
				en,
				Base,
			);
			mainGroup = 4F94ECF82C38765800CDE243;
			packageReferences = (
				4FAE3A382C752B2D002C9DEE /* XCLocalSwiftPackageReference "../Screens" */,
			);
			productRefGroup = 4F94ED022C38765800CDE243 /* Products */;
			projectDirPath = "";
			projectRoot = "";
			targets = (
				4F94ED002C38765800CDE243 /* DemoScreens */,
				4F6B3F1F2C7BA14B0027D8A2 /* DemoScreensUITests */,
			);
		};
/* End PBXProject section */

/* Begin PBXResourcesBuildPhase section */
		4F6B3F1E2C7BA14B0027D8A2 /* Resources */ = {
			isa = PBXResourcesBuildPhase;
			buildActionMask = 2147483647;
			files = (
			);
			runOnlyForDeploymentPostprocessing = 0;
		};
		4F94ECFF2C38765800CDE243 /* Resources */ = {
			isa = PBXResourcesBuildPhase;
			buildActionMask = 2147483647;
			files = (
				4F94ED0C2C38765900CDE243 /* Preview Assets.xcassets in Resources */,
				4F94ED092C38765900CDE243 /* Assets.xcassets in Resources */,
			);
			runOnlyForDeploymentPostprocessing = 0;
		};
/* End PBXResourcesBuildPhase section */

/* Begin PBXSourcesBuildPhase section */
		4F6B3F1C2C7BA14B0027D8A2 /* Sources */ = {
			isa = PBXSourcesBuildPhase;
			buildActionMask = 2147483647;
			files = (
			);
			runOnlyForDeploymentPostprocessing = 0;
		};
		4F94ECFD2C38765800CDE243 /* Sources */ = {
			isa = PBXSourcesBuildPhase;
			buildActionMask = 2147483647;
			files = (
				4F0221E42C5A7BE4009EA375 /* ChoseTheme.swift in Sources */,
				4F0221DE2C59C1A4009EA375 /* Playlist.swift in Sources */,
				4F6B3F1B2C7B96070027D8A2 /* PushOnAppear+Screens.swift in Sources */,
				4F6B3F2E2C7BCF910027D8A2 /* TestScreen.swift in Sources */,
				4F0221DA2C59BE9E009EA375 /* MyMusic.swift in Sources */,
				4FFC71B22C5A952100586EF6 /* Info.swift in Sources */,
				4FFC71C42C5E837800586EF6 /* MusicApp+ScreensDelegate.swift in Sources */,
				4F94ED072C38765800CDE243 /* Library.swift in Sources */,
				4F6B3F182C7B95A00027D8A2 /* UseCases.swift in Sources */,
				4FFC71B62C5AC60800586EF6 /* Musicant.swift in Sources */,
				4F6B3F3D2C7CE49B0027D8A2 /* PresentationDetents.swift in Sources */,
				4F0221E62C5A857C009EA375 /* SongListView.swift in Sources */,
				4FFC71B42C5AC45000586EF6 /* CloseButton.swift in Sources */,
				4F94ED192C38997D00CDE243 /* Tab.swift in Sources */,
				4F94ED1B2C389A2900CDE243 /* StarView.swift in Sources */,
				4F0221E12C5A7A62009EA375 /* Login.swift in Sources */,
				4F6B3F372C7CD67F0027D8A2 /* InStack.swift in Sources */,
				4F94ED052C38765800CDE243 /* MusicApp.swift in Sources */,
				4F6B3F3B2C7CD6CD0027D8A2 /* PushOnAppear+Native.swift in Sources */,
				4FFC71B82C5AD0B700586EF6 /* Search.swift in Sources */,
				4F0221DC2C59BF55009EA375 /* Song.swift in Sources */,
				4F8C89842C3D814200036416 /* Settings.swift in Sources */,
			);
			runOnlyForDeploymentPostprocessing = 0;
		};
/* End PBXSourcesBuildPhase section */

/* Begin PBXTargetDependency section */
		4F6B3F272C7BA14B0027D8A2 /* PBXTargetDependency */ = {
			isa = PBXTargetDependency;
			target = 4F94ED002C38765800CDE243 /* DemoScreens */;
			targetProxy = 4F6B3F262C7BA14B0027D8A2 /* PBXContainerItemProxy */;
		};
/* End PBXTargetDependency section */

/* Begin XCBuildConfiguration section */
		4F6B3F292C7BA14B0027D8A2 /* Debug */ = {
			isa = XCBuildConfiguration;
			buildSettings = {
				CODE_SIGN_STYLE = Automatic;
				CURRENT_PROJECT_VERSION = 1;
				DEVELOPMENT_TEAM = 3BVL9BNASU;
				GENERATE_INFOPLIST_FILE = YES;
				IPHONEOS_DEPLOYMENT_TARGET = 18.1;
				MARKETING_VERSION = 1.0;
				PRODUCT_BUNDLE_IDENTIFIER = alexejnenastev.DemoScreensUITests;
				PRODUCT_NAME = "$(TARGET_NAME)";
				SWIFT_EMIT_LOC_STRINGS = NO;
				SWIFT_VERSION = 5.0;
				TARGETED_DEVICE_FAMILY = "1,2";
				TEST_TARGET_NAME = DemoScreens;
			};
			name = Debug;
		};
		4F6B3F2A2C7BA14B0027D8A2 /* Release */ = {
			isa = XCBuildConfiguration;
			buildSettings = {
				CODE_SIGN_STYLE = Automatic;
				CURRENT_PROJECT_VERSION = 1;
				DEVELOPMENT_TEAM = 3BVL9BNASU;
				GENERATE_INFOPLIST_FILE = YES;
				IPHONEOS_DEPLOYMENT_TARGET = 18.1;
				MARKETING_VERSION = 1.0;
				PRODUCT_BUNDLE_IDENTIFIER = alexejnenastev.DemoScreensUITests;
				PRODUCT_NAME = "$(TARGET_NAME)";
				SWIFT_EMIT_LOC_STRINGS = NO;
				SWIFT_VERSION = 5.0;
				TARGETED_DEVICE_FAMILY = "1,2";
				TEST_TARGET_NAME = DemoScreens;
			};
			name = Release;
		};
		4F94ED0D2C38765900CDE243 /* Debug */ = {
			isa = XCBuildConfiguration;
			buildSettings = {
				ALWAYS_SEARCH_USER_PATHS = NO;
				ASSETCATALOG_COMPILER_GENERATE_SWIFT_ASSET_SYMBOL_EXTENSIONS = YES;
				CLANG_ANALYZER_NONNULL = YES;
				CLANG_ANALYZER_NUMBER_OBJECT_CONVERSION = YES_AGGRESSIVE;
				CLANG_CXX_LANGUAGE_STANDARD = "gnu++20";
				CLANG_ENABLE_MODULES = YES;
				CLANG_ENABLE_OBJC_ARC = YES;
				CLANG_ENABLE_OBJC_WEAK = YES;
				CLANG_WARN_BLOCK_CAPTURE_AUTORELEASING = YES;
				CLANG_WARN_BOOL_CONVERSION = YES;
				CLANG_WARN_COMMA = YES;
				CLANG_WARN_CONSTANT_CONVERSION = YES;
				CLANG_WARN_DEPRECATED_OBJC_IMPLEMENTATIONS = YES;
				CLANG_WARN_DIRECT_OBJC_ISA_USAGE = YES_ERROR;
				CLANG_WARN_DOCUMENTATION_COMMENTS = YES;
				CLANG_WARN_EMPTY_BODY = YES;
				CLANG_WARN_ENUM_CONVERSION = YES;
				CLANG_WARN_INFINITE_RECURSION = YES;
				CLANG_WARN_INT_CONVERSION = YES;
				CLANG_WARN_NON_LITERAL_NULL_CONVERSION = YES;
				CLANG_WARN_OBJC_IMPLICIT_RETAIN_SELF = YES;
				CLANG_WARN_OBJC_LITERAL_CONVERSION = YES;
				CLANG_WARN_OBJC_ROOT_CLASS = YES_ERROR;
				CLANG_WARN_QUOTED_INCLUDE_IN_FRAMEWORK_HEADER = YES;
				CLANG_WARN_RANGE_LOOP_ANALYSIS = YES;
				CLANG_WARN_STRICT_PROTOTYPES = YES;
				CLANG_WARN_SUSPICIOUS_MOVE = YES;
				CLANG_WARN_UNGUARDED_AVAILABILITY = YES_AGGRESSIVE;
				CLANG_WARN_UNREACHABLE_CODE = YES;
				CLANG_WARN__DUPLICATE_METHOD_MATCH = YES;
				COPY_PHASE_STRIP = NO;
				DEBUG_INFORMATION_FORMAT = dwarf;
				ENABLE_STRICT_OBJC_MSGSEND = YES;
				ENABLE_TESTABILITY = YES;
				ENABLE_USER_SCRIPT_SANDBOXING = YES;
				GCC_C_LANGUAGE_STANDARD = gnu17;
				GCC_DYNAMIC_NO_PIC = NO;
				GCC_NO_COMMON_BLOCKS = YES;
				GCC_OPTIMIZATION_LEVEL = 0;
				GCC_PREPROCESSOR_DEFINITIONS = (
					"DEBUG=1",
					"$(inherited)",
				);
				GCC_WARN_64_TO_32_BIT_CONVERSION = YES;
				GCC_WARN_ABOUT_RETURN_TYPE = YES_ERROR;
				GCC_WARN_UNDECLARED_SELECTOR = YES;
				GCC_WARN_UNINITIALIZED_AUTOS = YES_AGGRESSIVE;
				GCC_WARN_UNUSED_FUNCTION = YES;
				GCC_WARN_UNUSED_VARIABLE = YES;
				IPHONEOS_DEPLOYMENT_TARGET = 18.0;
				LOCALIZATION_PREFERS_STRING_CATALOGS = YES;
				MTL_ENABLE_DEBUG_INFO = INCLUDE_SOURCE;
				MTL_FAST_MATH = YES;
				ONLY_ACTIVE_ARCH = YES;
				SDKROOT = iphoneos;
				SWIFT_ACTIVE_COMPILATION_CONDITIONS = "DEBUG $(inherited)";
				SWIFT_OPTIMIZATION_LEVEL = "-Onone";
			};
			name = Debug;
		};
		4F94ED0E2C38765900CDE243 /* Release */ = {
			isa = XCBuildConfiguration;
			buildSettings = {
				ALWAYS_SEARCH_USER_PATHS = NO;
				ASSETCATALOG_COMPILER_GENERATE_SWIFT_ASSET_SYMBOL_EXTENSIONS = YES;
				CLANG_ANALYZER_NONNULL = YES;
				CLANG_ANALYZER_NUMBER_OBJECT_CONVERSION = YES_AGGRESSIVE;
				CLANG_CXX_LANGUAGE_STANDARD = "gnu++20";
				CLANG_ENABLE_MODULES = YES;
				CLANG_ENABLE_OBJC_ARC = YES;
				CLANG_ENABLE_OBJC_WEAK = YES;
				CLANG_WARN_BLOCK_CAPTURE_AUTORELEASING = YES;
				CLANG_WARN_BOOL_CONVERSION = YES;
				CLANG_WARN_COMMA = YES;
				CLANG_WARN_CONSTANT_CONVERSION = YES;
				CLANG_WARN_DEPRECATED_OBJC_IMPLEMENTATIONS = YES;
				CLANG_WARN_DIRECT_OBJC_ISA_USAGE = YES_ERROR;
				CLANG_WARN_DOCUMENTATION_COMMENTS = YES;
				CLANG_WARN_EMPTY_BODY = YES;
				CLANG_WARN_ENUM_CONVERSION = YES;
				CLANG_WARN_INFINITE_RECURSION = YES;
				CLANG_WARN_INT_CONVERSION = YES;
				CLANG_WARN_NON_LITERAL_NULL_CONVERSION = YES;
				CLANG_WARN_OBJC_IMPLICIT_RETAIN_SELF = YES;
				CLANG_WARN_OBJC_LITERAL_CONVERSION = YES;
				CLANG_WARN_OBJC_ROOT_CLASS = YES_ERROR;
				CLANG_WARN_QUOTED_INCLUDE_IN_FRAMEWORK_HEADER = YES;
				CLANG_WARN_RANGE_LOOP_ANALYSIS = YES;
				CLANG_WARN_STRICT_PROTOTYPES = YES;
				CLANG_WARN_SUSPICIOUS_MOVE = YES;
				CLANG_WARN_UNGUARDED_AVAILABILITY = YES_AGGRESSIVE;
				CLANG_WARN_UNREACHABLE_CODE = YES;
				CLANG_WARN__DUPLICATE_METHOD_MATCH = YES;
				COPY_PHASE_STRIP = NO;
				DEBUG_INFORMATION_FORMAT = "dwarf-with-dsym";
				ENABLE_NS_ASSERTIONS = NO;
				ENABLE_STRICT_OBJC_MSGSEND = YES;
				ENABLE_USER_SCRIPT_SANDBOXING = YES;
				GCC_C_LANGUAGE_STANDARD = gnu17;
				GCC_NO_COMMON_BLOCKS = YES;
				GCC_WARN_64_TO_32_BIT_CONVERSION = YES;
				GCC_WARN_ABOUT_RETURN_TYPE = YES_ERROR;
				GCC_WARN_UNDECLARED_SELECTOR = YES;
				GCC_WARN_UNINITIALIZED_AUTOS = YES_AGGRESSIVE;
				GCC_WARN_UNUSED_FUNCTION = YES;
				GCC_WARN_UNUSED_VARIABLE = YES;
				IPHONEOS_DEPLOYMENT_TARGET = 18.0;
				LOCALIZATION_PREFERS_STRING_CATALOGS = YES;
				MTL_ENABLE_DEBUG_INFO = NO;
				MTL_FAST_MATH = YES;
				SDKROOT = iphoneos;
				SWIFT_COMPILATION_MODE = wholemodule;
				VALIDATE_PRODUCT = YES;
			};
			name = Release;
		};
		4F94ED102C38765900CDE243 /* Debug */ = {
			isa = XCBuildConfiguration;
			buildSettings = {
				ASSETCATALOG_COMPILER_APPICON_NAME = AppIcon;
				ASSETCATALOG_COMPILER_GLOBAL_ACCENT_COLOR_NAME = AccentColor;
				CODE_SIGN_STYLE = Automatic;
				CURRENT_PROJECT_VERSION = 1;
				DEVELOPMENT_ASSET_PATHS = "\"Demo/Preview Content\"";
				DEVELOPMENT_TEAM = 3BVL9BNASU;
				ENABLE_PREVIEWS = YES;
				GENERATE_INFOPLIST_FILE = YES;
				INFOPLIST_FILE = Demo/Info.plist;
				INFOPLIST_KEY_UIApplicationSceneManifest_Generation = YES;
				INFOPLIST_KEY_UIApplicationSupportsIndirectInputEvents = YES;
				INFOPLIST_KEY_UILaunchScreen_Generation = YES;
				INFOPLIST_KEY_UISupportedInterfaceOrientations_iPad = "UIInterfaceOrientationPortrait UIInterfaceOrientationPortraitUpsideDown UIInterfaceOrientationLandscapeLeft UIInterfaceOrientationLandscapeRight";
				INFOPLIST_KEY_UISupportedInterfaceOrientations_iPhone = "UIInterfaceOrientationPortrait UIInterfaceOrientationLandscapeLeft UIInterfaceOrientationLandscapeRight";
				IPHONEOS_DEPLOYMENT_TARGET = 15.5;
				LD_RUNPATH_SEARCH_PATHS = (
					"$(inherited)",
					"@executable_path/Frameworks",
				);
				MARKETING_VERSION = 1.0;
				PRODUCT_BUNDLE_IDENTIFIER = alexejnenastev.ViewURL;
				PRODUCT_NAME = "$(TARGET_NAME)";
				SWIFT_EMIT_LOC_STRINGS = YES;
				SWIFT_VERSION = 5.0;
				TARGETED_DEVICE_FAMILY = "1,2";
			};
			name = Debug;
		};
		4F94ED112C38765900CDE243 /* Release */ = {
			isa = XCBuildConfiguration;
			buildSettings = {
				ASSETCATALOG_COMPILER_APPICON_NAME = AppIcon;
				ASSETCATALOG_COMPILER_GLOBAL_ACCENT_COLOR_NAME = AccentColor;
				CODE_SIGN_STYLE = Automatic;
				CURRENT_PROJECT_VERSION = 1;
				DEVELOPMENT_ASSET_PATHS = "\"Demo/Preview Content\"";
				DEVELOPMENT_TEAM = 3BVL9BNASU;
				ENABLE_PREVIEWS = YES;
				GENERATE_INFOPLIST_FILE = YES;
				INFOPLIST_FILE = Demo/Info.plist;
				INFOPLIST_KEY_UIApplicationSceneManifest_Generation = YES;
				INFOPLIST_KEY_UIApplicationSupportsIndirectInputEvents = YES;
				INFOPLIST_KEY_UILaunchScreen_Generation = YES;
				INFOPLIST_KEY_UISupportedInterfaceOrientations_iPad = "UIInterfaceOrientationPortrait UIInterfaceOrientationPortraitUpsideDown UIInterfaceOrientationLandscapeLeft UIInterfaceOrientationLandscapeRight";
				INFOPLIST_KEY_UISupportedInterfaceOrientations_iPhone = "UIInterfaceOrientationPortrait UIInterfaceOrientationLandscapeLeft UIInterfaceOrientationLandscapeRight";
				IPHONEOS_DEPLOYMENT_TARGET = 15.5;
				LD_RUNPATH_SEARCH_PATHS = (
					"$(inherited)",
					"@executable_path/Frameworks",
				);
				MARKETING_VERSION = 1.0;
				PRODUCT_BUNDLE_IDENTIFIER = alexejnenastev.ViewURL;
				PRODUCT_NAME = "$(TARGET_NAME)";
				SWIFT_EMIT_LOC_STRINGS = YES;
				SWIFT_VERSION = 5.0;
				TARGETED_DEVICE_FAMILY = "1,2";
			};
			name = Release;
		};
/* End XCBuildConfiguration section */

/* Begin XCConfigurationList section */
		4F6B3F282C7BA14B0027D8A2 /* Build configuration list for PBXNativeTarget "DemoScreensUITests" */ = {
			isa = XCConfigurationList;
			buildConfigurations = (
				4F6B3F292C7BA14B0027D8A2 /* Debug */,
				4F6B3F2A2C7BA14B0027D8A2 /* Release */,
			);
			defaultConfigurationIsVisible = 0;
			defaultConfigurationName = Release;
		};
		4F94ECFC2C38765800CDE243 /* Build configuration list for PBXProject "DemoScreens" */ = {
			isa = XCConfigurationList;
			buildConfigurations = (
				4F94ED0D2C38765900CDE243 /* Debug */,
				4F94ED0E2C38765900CDE243 /* Release */,
			);
			defaultConfigurationIsVisible = 0;
			defaultConfigurationName = Release;
		};
		4F94ED0F2C38765900CDE243 /* Build configuration list for PBXNativeTarget "DemoScreens" */ = {
			isa = XCConfigurationList;
			buildConfigurations = (
				4F94ED102C38765900CDE243 /* Debug */,
				4F94ED112C38765900CDE243 /* Release */,
			);
			defaultConfigurationIsVisible = 0;
			defaultConfigurationName = Release;
		};
/* End XCConfigurationList section */

/* Begin XCLocalSwiftPackageReference section */
		4FAE3A382C752B2D002C9DEE /* XCLocalSwiftPackageReference "../Screens" */ = {
			isa = XCLocalSwiftPackageReference;
			relativePath = ../Screens;
		};
/* End XCLocalSwiftPackageReference section */

/* Begin XCSwiftPackageProductDependency section */
		4FAE3A392C752B2D002C9DEE /* ScreensBrowser */ = {
			isa = XCSwiftPackageProductDependency;
			productName = ScreensBrowser;
		};
		4FAE3A3B2C752B2D002C9DEE /* ScreensUI */ = {
			isa = XCSwiftPackageProductDependency;
			productName = ScreensUI;
		};
/* End XCSwiftPackageProductDependency section */
	};
	rootObject = 4F94ECF92C38765800CDE243 /* Project object */;
}
